
Microsoft Visual Studio Solution File, Format Version 12.00
# Visual Studio Version 17
VisualStudioVersion = 17.9.34902.65
MinimumVisualStudioVersion = 10.0.40219.1
Project("{8BC9CEB8-8B4A-11D0-8D11-00A0C91BC942}") = "CarRentalSystem", "CarRentalSystem\CarRentalSystem.vcxproj", "{E08AFB7E-671B-4DFE-9242-E677CA12701B}"
EndProject
Global
	GlobalSection(SolutionConfigurationPlatforms) = preSolution
		Debug|x64 = Debug|x64
		Debug|x86 = Debug|x86
		Release|x64 = Release|x64
		Release|x86 = Release|x86
	EndGlobalSection
	GlobalSection(ProjectConfigurationPlatforms) = postSolution
		{E08AFB7E-671B-4DFE-9242-E677CA12701B}.Debug|x64.ActiveCfg = Debug|x64
		{E08AFB7E-671B-4DFE-9242-E677CA12701B}.Debug|x64.Build.0 = Debug|x64
		{E08AFB7E-671B-4DFE-9242-E677CA12701B}.Debug|x86.ActiveCfg = Debug|Win32
		{E08AFB7E-671B-4DFE-9242-E677CA12701B}.Debug|x86.Build.0 = Debug|Win32
		{E08AFB7E-671B-4DFE-9242-E677CA12701B}.Release|x64.ActiveCfg = Release|x64
		{E08AFB7E-671B-4DFE-9242-E677CA12701B}.Release|x64.Build.0 = Release|x64
		{E08AFB7E-671B-4DFE-9242-E677CA12701B}.Release|x86.ActiveCfg = Release|Win32
		{E08AFB7E-671B-4DFE-9242-E677CA12701B}.Release|x86.Build.0 = Release|Win32
	EndGlobalSection
	GlobalSection(SolutionProperties) = preSolution
		HideSolutionNode = FALSE
	EndGlobalSection
	GlobalSection(ExtensibilityGlobals) = postSolution
		SolutionGuid = {0C5ECB7A-2EAF-4467-91CB-043032384291}
	EndGlobalSection
EndGlobal
